
Microsoft Visual Studio Solution File, Format Version 12.00
# Visual Studio Version 17
VisualStudioVersion = 17.1.32319.34
MinimumVisualStudioVersion = 10.0.40219.1
Project("{FAE04EC0-301F-11D3-BF4B-00C04F79EFBC}") = "ContactBook", "ContactBook.csproj", "{1A4880A5-44C5-494B-B991-C6D2BC228658}"
EndProject
Global
	GlobalSection(SolutionConfigurationPlatforms) = preSolution
		Debug|Any CPU = Debug|Any CPU
		Release|Any CPU = Release|Any CPU
	EndGlobalSection
	GlobalSection(ProjectConfigurationPlatforms) = postSolution
		{1A4880A5-44C5-494B-B991-C6D2BC228658}.Debug|Any CPU.ActiveCfg = Debug|Any CPU
		{1A4880A5-44C5-494B-B991-C6D2BC228658}.Debug|Any CPU.Build.0 = Debug|Any CPU
		{1A4880A5-44C5-494B-B991-C6D2BC228658}.Release|Any CPU.ActiveCfg = Release|Any CPU
		{1A4880A5-44C5-494B-B991-C6D2BC228658}.Release|Any CPU.Build.0 = Release|Any CPU
	EndGlobalSection
	GlobalSection(SolutionProperties) = preSolution
		HideSolutionNode = FALSE
	EndGlobalSection
	GlobalSection(ExtensibilityGlobals) = postSolution
		SolutionGuid = {FE90EA66-AF5A-4CB8-9765-C50897092C57}
	EndGlobalSection
EndGlobal
